
Microsoft Visual Studio Solution File, Format Version 12.00
# Visual Studio 2013
VisualStudioVersion = 12.0.31101.0
MinimumVisualStudioVersion = 10.0.40219.1
Project("{FAE04EC0-301F-11D3-BF4B-00C04F79EFBC}") = "MvxAndroid.Support.V7", "MvxAndroid.Support.V7\MvxAndroid.Support.V7.csproj", "{785257A2-9CB6-4FD6-BD81-0A11B29038BF}"
EndProject
Project("{FAE04EC0-301F-11D3-BF4B-00C04F79EFBC}") = "SampleApp.Droid", "SampleApp.Droid\SampleApp.Droid.csproj", "{2FD7AC91-0B71-4835-B080-9ED57A042ED5}"
EndProject
Project("{FAE04EC0-301F-11D3-BF4B-00C04F79EFBC}") = "SampleApp.Core", "SampleApp.Core\SampleApp.Core.csproj", "{77973CD3-D48F-4691-A965-0719EB2F77AF}"
EndProject
Global
	GlobalSection(SolutionConfigurationPlatforms) = preSolution
		Debug|Any CPU = Debug|Any CPU
		Release|Any CPU = Release|Any CPU
	EndGlobalSection
	GlobalSection(ProjectConfigurationPlatforms) = postSolution
		{785257A2-9CB6-4FD6-BD81-0A11B29038BF}.Debug|Any CPU.ActiveCfg = Debug|Any CPU
		{785257A2-9CB6-4FD6-BD81-0A11B29038BF}.Debug|Any CPU.Build.0 = Debug|Any CPU
		{785257A2-9CB6-4FD6-BD81-0A11B29038BF}.Release|Any CPU.ActiveCfg = Release|Any CPU
		{785257A2-9CB6-4FD6-BD81-0A11B29038BF}.Release|Any CPU.Build.0 = Release|Any CPU
		{2FD7AC91-0B71-4835-B080-9ED57A042ED5}.Debug|Any CPU.ActiveCfg = Debug|Any CPU
		{2FD7AC91-0B71-4835-B080-9ED57A042ED5}.Debug|Any CPU.Build.0 = Debug|Any CPU
		{2FD7AC91-0B71-4835-B080-9ED57A042ED5}.Debug|Any CPU.Deploy.0 = Debug|Any CPU
		{2FD7AC91-0B71-4835-B080-9ED57A042ED5}.Release|Any CPU.ActiveCfg = Release|Any CPU
		{2FD7AC91-0B71-4835-B080-9ED57A042ED5}.Release|Any CPU.Build.0 = Release|Any CPU
		{2FD7AC91-0B71-4835-B080-9ED57A042ED5}.Release|Any CPU.Deploy.0 = Release|Any CPU
		{77973CD3-D48F-4691-A965-0719EB2F77AF}.Debug|Any CPU.ActiveCfg = Debug|Any CPU
		{77973CD3-D48F-4691-A965-0719EB2F77AF}.Debug|Any CPU.Build.0 = Debug|Any CPU
		{77973CD3-D48F-4691-A965-0719EB2F77AF}.Release|Any CPU.ActiveCfg = Release|Any CPU
		{77973CD3-D48F-4691-A965-0719EB2F77AF}.Release|Any CPU.Build.0 = Release|Any CPU
	EndGlobalSection
	GlobalSection(SolutionProperties) = preSolution
		HideSolutionNode = FALSE
	EndGlobalSection
EndGlobal
